
Microsoft Visual Studio Solution File, Format Version 12.00
# Visual Studio Version 16
VisualStudioVersion = 16.0.30114.105
MinimumVisualStudioVersion = 10.0.40219.1
Project("{FAE04EC0-301F-11D3-BF4B-00C04F79EFBC}") = "R5T.Marathon.Default", "R5T.Marathon.Default\R5T.Marathon.Default.csproj", "{E7479AD1-B02A-44AE-9322-6B852AD284C2}"
EndProject
Project("{FAE04EC0-301F-11D3-BF4B-00C04F79EFBC}") = "R5T.Marathon.Default.Construction", "R5T.Marathon.Default.Construction\R5T.Marathon.Default.Construction.csproj", "{22FB2172-E905-49A8-8C18-90D9C2736441}"
EndProject
Project("{FAE04EC0-301F-11D3-BF4B-00C04F79EFBC}") = "R5T.Marathon.Default.Testing", "R5T.Marathon.Default.Testing\R5T.Marathon.Default.Testing.csproj", "{F3125A34-48D3-4EB0-8D61-8B8840AC3B42}"
EndProject
Global
	GlobalSection(SolutionConfigurationPlatforms) = preSolution
		Debug|Any CPU = Debug|Any CPU
		Debug|x64 = Debug|x64
		Debug|x86 = Debug|x86
		Release|Any CPU = Release|Any CPU
		Release|x64 = Release|x64
		Release|x86 = Release|x86
	EndGlobalSection
	GlobalSection(SolutionProperties) = preSolution
		HideSolutionNode = FALSE
	EndGlobalSection
	GlobalSection(ProjectConfigurationPlatforms) = postSolution
		{E7479AD1-B02A-44AE-9322-6B852AD284C2}.Debug|Any CPU.ActiveCfg = Debug|Any CPU
		{E7479AD1-B02A-44AE-9322-6B852AD284C2}.Debug|Any CPU.Build.0 = Debug|Any CPU
		{E7479AD1-B02A-44AE-9322-6B852AD284C2}.Debug|x64.ActiveCfg = Debug|Any CPU
		{E7479AD1-B02A-44AE-9322-6B852AD284C2}.Debug|x64.Build.0 = Debug|Any CPU
		{E7479AD1-B02A-44AE-9322-6B852AD284C2}.Debug|x86.ActiveCfg = Debug|Any CPU
		{E7479AD1-B02A-44AE-9322-6B852AD284C2}.Debug|x86.Build.0 = Debug|Any CPU
		{E7479AD1-B02A-44AE-9322-6B852AD284C2}.Release|Any CPU.ActiveCfg = Release|Any CPU
		{E7479AD1-B02A-44AE-9322-6B852AD284C2}.Release|Any CPU.Build.0 = Release|Any CPU
		{E7479AD1-B02A-44AE-9322-6B852AD284C2}.Release|x64.ActiveCfg = Release|Any CPU
		{E7479AD1-B02A-44AE-9322-6B852AD284C2}.Release|x64.Build.0 = Release|Any CPU
		{E7479AD1-B02A-44AE-9322-6B852AD284C2}.Release|x86.ActiveCfg = Release|Any CPU
		{E7479AD1-B02A-44AE-9322-6B852AD284C2}.Release|x86.Build.0 = Release|Any CPU
		{22FB2172-E905-49A8-8C18-90D9C2736441}.Debug|Any CPU.ActiveCfg = Debug|Any CPU
		{22FB2172-E905-49A8-8C18-90D9C2736441}.Debug|Any CPU.Build.0 = Debug|Any CPU
		{22FB2172-E905-49A8-8C18-90D9C2736441}.Debug|x64.ActiveCfg = Debug|Any CPU
		{22FB2172-E905-49A8-8C18-90D9C2736441}.Debug|x64.Build.0 = Debug|Any CPU
		{22FB2172-E905-49A8-8C18-90D9C2736441}.Debug|x86.ActiveCfg = Debug|Any CPU
		{22FB2172-E905-49A8-8C18-90D9C2736441}.Debug|x86.Build.0 = Debug|Any CPU
		{22FB2172-E905-49A8-8C18-90D9C2736441}.Release|Any CPU.ActiveCfg = Release|Any CPU
		{22FB2172-E905-49A8-8C18-90D9C2736441}.Release|Any CPU.Build.0 = Release|Any CPU
		{22FB2172-E905-49A8-8C18-90D9C2736441}.Release|x64.ActiveCfg = Release|Any CPU
		{22FB2172-E905-49A8-8C18-90D9C2736441}.Release|x64.Build.0 = Release|Any CPU
		{22FB2172-E905-49A8-8C18-90D9C2736441}.Release|x86.ActiveCfg = Release|Any CPU
		{22FB2172-E905-49A8-8C18-90D9C2736441}.Release|x86.Build.0 = Release|Any CPU
		{F3125A34-48D3-4EB0-8D61-8B8840AC3B42}.Debug|Any CPU.ActiveCfg = Debug|Any CPU
		{F3125A34-48D3-4EB0-8D61-8B8840AC3B42}.Debug|Any CPU.Build.0 = Debug|Any CPU
		{F3125A34-48D3-4EB0-8D61-8B8840AC3B42}.Debug|x64.ActiveCfg = Debug|Any CPU
		{F3125A34-48D3-4EB0-8D61-8B8840AC3B42}.Debug|x64.Build.0 = Debug|Any CPU
		{F3125A34-48D3-4EB0-8D61-8B8840AC3B42}.Debug|x86.ActiveCfg = Debug|Any CPU
		{F3125A34-48D3-4EB0-8D61-8B8840AC3B42}.Debug|x86.Build.0 = Debug|Any CPU
		{F3125A34-48D3-4EB0-8D61-8B8840AC3B42}.Release|Any CPU.ActiveCfg = Release|Any CPU
		{F3125A34-48D3-4EB0-8D61-8B8840AC3B42}.Release|Any CPU.Build.0 = Release|Any CPU
		{F3125A34-48D3-4EB0-8D61-8B8840AC3B42}.Release|x64.ActiveCfg = Release|Any CPU
		{F3125A34-48D3-4EB0-8D61-8B8840AC3B42}.Release|x64.Build.0 = Release|Any CPU
		{F3125A34-48D3-4EB0-8D61-8B8840AC3B42}.Release|x86.ActiveCfg = Release|Any CPU
		{F3125A34-48D3-4EB0-8D61-8B8840AC3B42}.Release|x86.Build.0 = Release|Any CPU
	EndGlobalSection
EndGlobal
